# This file is automatically @generated by Cargo.
# It is not intended for manual editing.
version = 4

[[package]]
name = "subbake-adapters"
version = "0.1.0"
dependencies = [
 "subbake-core",
]

[[package]]
name = "subbake-agent"
version = "0.1.0"

[[package]]
name = "subbake-cli"
version = "0.1.0"
dependencies = [
 "subbake-adapters",
 "subbake-agent",
 "subbake-core",
]

[[package]]
name = "subbake-core"
version = "0.1.0"
